
Microsoft Visual Studio Solution File, Format Version 12.00
# Visual Studio Version 17
VisualStudioVersion = 17.9.34728.123
MinimumVisualStudioVersion = 10.0.40219.1
Project("{FAE04EC0-301F-11D3-BF4B-00C04F79EFBC}") = "calcular KM", "calcular KM\calcular KM.csproj", "{010D362F-AF5E-4AB2-8D44-2293B25E2BFD}"
EndProject
Global
	GlobalSection(SolutionConfigurationPlatforms) = preSolution
		Debug|Any CPU = Debug|Any CPU
		Release|Any CPU = Release|Any CPU
	EndGlobalSection
	GlobalSection(ProjectConfigurationPlatforms) = postSolution
		{010D362F-AF5E-4AB2-8D44-2293B25E2BFD}.Debug|Any CPU.ActiveCfg = Debug|Any CPU
		{010D362F-AF5E-4AB2-8D44-2293B25E2BFD}.Debug|Any CPU.Build.0 = Debug|Any CPU
		{010D362F-AF5E-4AB2-8D44-2293B25E2BFD}.Release|Any CPU.ActiveCfg = Release|Any CPU
		{010D362F-AF5E-4AB2-8D44-2293B25E2BFD}.Release|Any CPU.Build.0 = Release|Any CPU
	EndGlobalSection
	GlobalSection(SolutionProperties) = preSolution
		HideSolutionNode = FALSE
	EndGlobalSection
	GlobalSection(ExtensibilityGlobals) = postSolution
		SolutionGuid = {7152DEBB-75FF-4F27-932F-200048102E09}
	EndGlobalSection
EndGlobal
